
Microsoft Visual Studio Solution File, Format Version 12.00
# Visual Studio 15
VisualStudioVersion = 15.0.26228.9
MinimumVisualStudioVersion = 10.0.40219.1
Project("{FAE04EC0-301F-11D3-BF4B-00C04F79EFBC}") = "PlanConstrainer", "PlanConstrainer\PlanConstrainer.csproj", "{7FCE737E-5C19-42DE-97F4-0A96D0C4526D}"
EndProject
Global
	GlobalSection(SolutionConfigurationPlatforms) = preSolution
		Debug|Any CPU = Debug|Any CPU
		Release|Any CPU = Release|Any CPU
	EndGlobalSection
	GlobalSection(ProjectConfigurationPlatforms) = postSolution
		{7FCE737E-5C19-42DE-97F4-0A96D0C4526D}.Debug|Any CPU.ActiveCfg = Debug|Any CPU
		{7FCE737E-5C19-42DE-97F4-0A96D0C4526D}.Debug|Any CPU.Build.0 = Debug|Any CPU
		{7FCE737E-5C19-42DE-97F4-0A96D0C4526D}.Release|Any CPU.ActiveCfg = Release|Any CPU
		{7FCE737E-5C19-42DE-97F4-0A96D0C4526D}.Release|Any CPU.Build.0 = Release|Any CPU
	EndGlobalSection
	GlobalSection(SolutionProperties) = preSolution
		HideSolutionNode = FALSE
	EndGlobalSection
EndGlobal
